
Microsoft Visual Studio Solution File, Format Version 12.00
# Visual Studio Version 18
VisualStudioVersion = 18.0.11222.15 d18.0
MinimumVisualStudioVersion = 10.0.40219.1
Project("{FAE04EC0-301F-11D3-BF4B-00C04F79EFBC}") = "BankingSuite.BuildingBlocks.Domain", "BuildingBlocks\BankingSuite.BuildingBlocks.Domain\BankingSuite.BuildingBlocks.Domain.csproj", "{CA2A6E04-FEC8-461D-829C-60DA619694E0}"
EndProject
Project("{FAE04EC0-301F-11D3-BF4B-00C04F79EFBC}") = "BankingSuite.BuildingBlocks.Application", "BuildingBlocks\BankingSuite.BuildingBlocks.Application\BankingSuite.BuildingBlocks.Application.csproj", "{FC84B55F-7487-4280-B61C-C28B826C9ABB}"
EndProject
Project("{FAE04EC0-301F-11D3-BF4B-00C04F79EFBC}") = "BankingSuite.BuildingBlocks.Infrastructure", "BuildingBlocks\BankingSuite.BuildingBlocks.Infrastructure\BankingSuite.BuildingBlocks.Infrastructure.csproj", "{DA3D48C5-DB59-4A72-8260-390612EDFB3F}"
EndProject
Project("{FAE04EC0-301F-11D3-BF4B-00C04F79EFBC}") = "BankingSuite.BuildingBlocks.Web", "BuildingBlocks\BankingSuite.BuildingBlocks.Web\BankingSuite.BuildingBlocks.Web.csproj", "{2F650F05-C481-4036-A37D-403080DCEB63}"
EndProject
Project("{2150E333-8FDC-42A3-9474-1A3956D46DE8}") = "BuildingBlocks", "BuildingBlocks", "{E1F9F8FD-6AC9-441A-8B52-1D5B871A2E19}"
EndProject
Project("{2150E333-8FDC-42A3-9474-1A3956D46DE8}") = "Services", "Services", "{5854FF58-B8C5-05C6-5BF2-ACE42193F22B}"
EndProject
Project("{2150E333-8FDC-42A3-9474-1A3956D46DE8}") = "IamService", "IamService", "{7C22AA2B-1999-8B37-A76C-08567B7324E9}"
EndProject
Project("{FAE04EC0-301F-11D3-BF4B-00C04F79EFBC}") = "BankingSuite.IamService.Domain", "Services\IamService\BankingSuite.IamService.Domain\BankingSuite.IamService.Domain.csproj", "{2D277A0E-3C85-40B0-BB16-5E5A444FC24C}"
EndProject
Project("{FAE04EC0-301F-11D3-BF4B-00C04F79EFBC}") = "BankingSuite.IamService.Application", "Services\IamService\BankingSuite.IamService.Application\BankingSuite.IamService.Application.csproj", "{9CE70B18-A516-4BE2-9A6A-5ECF0C11E041}"
EndProject
Project("{FAE04EC0-301F-11D3-BF4B-00C04F79EFBC}") = "BankingSuite.IamService.Infrastructure", "Services\IamService\BankingSuite.IamService.Infrastructure\BankingSuite.IamService.Infrastructure.csproj", "{130DE429-F67E-4E5B-8302-D133FADB37BE}"
EndProject
Project("{FAE04EC0-301F-11D3-BF4B-00C04F79EFBC}") = "BankingSuite.IamService.API", "Services\IamService\BankingSuite.IamService.API\BankingSuite.IamService.API.csproj", "{2489C5DA-B153-43C4-8502-741FBAEEC300}"
EndProject
Project("{2150E333-8FDC-42A3-9474-1A3956D46DE8}") = "Tests", "Tests", "{D11FDFDB-9C3C-46CB-8A5C-C26B3D0EAB41}"
EndProject
Project("{FAE04EC0-301F-11D3-BF4B-00C04F79EFBC}") = "BankingSuite.IamService.UnitTests", "..\..\tests\BankingSuite.IamService.UnitTests\BankingSuite.IamService.UnitTests.csproj", "{4F052EDB-1F1F-4709-B024-DDB6B4B68BF9}"
EndProject
Project("{FAE04EC0-301F-11D3-BF4B-00C04F79EFBC}") = "BankingSuite.IamService.IntegrationTests", "..\..\tests\BankingSuite.IamService.IntegrationTests\BankingSuite.IamService.IntegrationTests.csproj", "{C89C8C37-8267-4BED-9CFC-AEE7E18A87A7}"
EndProject
Global
	GlobalSection(SolutionConfigurationPlatforms) = preSolution
		Debug|Any CPU = Debug|Any CPU
		Debug|x64 = Debug|x64
		Debug|x86 = Debug|x86
		Release|Any CPU = Release|Any CPU
		Release|x64 = Release|x64
		Release|x86 = Release|x86
	EndGlobalSection
	GlobalSection(ProjectConfigurationPlatforms) = postSolution
		{CA2A6E04-FEC8-461D-829C-60DA619694E0}.Debug|Any CPU.ActiveCfg = Debug|Any CPU
		{CA2A6E04-FEC8-461D-829C-60DA619694E0}.Debug|Any CPU.Build.0 = Debug|Any CPU
		{CA2A6E04-FEC8-461D-829C-60DA619694E0}.Debug|x64.ActiveCfg = Debug|Any CPU
		{CA2A6E04-FEC8-461D-829C-60DA619694E0}.Debug|x64.Build.0 = Debug|Any CPU
		{CA2A6E04-FEC8-461D-829C-60DA619694E0}.Debug|x86.ActiveCfg = Debug|Any CPU
		{CA2A6E04-FEC8-461D-829C-60DA619694E0}.Debug|x86.Build.0 = Debug|Any CPU
		{CA2A6E04-FEC8-461D-829C-60DA619694E0}.Release|Any CPU.ActiveCfg = Release|Any CPU
		{CA2A6E04-FEC8-461D-829C-60DA619694E0}.Release|Any CPU.Build.0 = Release|Any CPU
		{CA2A6E04-FEC8-461D-829C-60DA619694E0}.Release|x64.ActiveCfg = Release|Any CPU
		{CA2A6E04-FEC8-461D-829C-60DA619694E0}.Release|x64.Build.0 = Release|Any CPU
		{CA2A6E04-FEC8-461D-829C-60DA619694E0}.Release|x86.ActiveCfg = Release|Any CPU
		{CA2A6E04-FEC8-461D-829C-60DA619694E0}.Release|x86.Build.0 = Release|Any CPU
		{FC84B55F-7487-4280-B61C-C28B826C9ABB}.Debug|Any CPU.ActiveCfg = Debug|Any CPU
		{FC84B55F-7487-4280-B61C-C28B826C9ABB}.Debug|Any CPU.Build.0 = Debug|Any CPU
		{FC84B55F-7487-4280-B61C-C28B826C9ABB}.Debug|x64.ActiveCfg = Debug|Any CPU
		{FC84B55F-7487-4280-B61C-C28B826C9ABB}.Debug|x64.Build.0 = Debug|Any CPU
		{FC84B55F-7487-4280-B61C-C28B826C9ABB}.Debug|x86.ActiveCfg = Debug|Any CPU
		{FC84B55F-7487-4280-B61C-C28B826C9ABB}.Debug|x86.Build.0 = Debug|Any CPU
		{FC84B55F-7487-4280-B61C-C28B826C9ABB}.Release|Any CPU.ActiveCfg = Release|Any CPU
		{FC84B55F-7487-4280-B61C-C28B826C9ABB}.Release|Any CPU.Build.0 = Release|Any CPU
		{FC84B55F-7487-4280-B61C-C28B826C9ABB}.Release|x64.ActiveCfg = Release|Any CPU
		{FC84B55F-7487-4280-B61C-C28B826C9ABB}.Release|x64.Build.0 = Release|Any CPU
		{FC84B55F-7487-4280-B61C-C28B826C9ABB}.Release|x86.ActiveCfg = Release|Any CPU
		{FC84B55F-7487-4280-B61C-C28B826C9ABB}.Release|x86.Build.0 = Release|Any CPU
		{DA3D48C5-DB59-4A72-8260-390612EDFB3F}.Debug|Any CPU.ActiveCfg = Debug|Any CPU
		{DA3D48C5-DB59-4A72-8260-390612EDFB3F}.Debug|Any CPU.Build.0 = Debug|Any CPU
		{DA3D48C5-DB59-4A72-8260-390612EDFB3F}.Debug|x64.ActiveCfg = Debug|Any CPU
		{DA3D48C5-DB59-4A72-8260-390612EDFB3F}.Debug|x64.Build.0 = Debug|Any CPU
		{DA3D48C5-DB59-4A72-8260-390612EDFB3F}.Debug|x86.ActiveCfg = Debug|Any CPU
		{DA3D48C5-DB59-4A72-8260-390612EDFB3F}.Debug|x86.Build.0 = Debug|Any CPU
		{DA3D48C5-DB59-4A72-8260-390612EDFB3F}.Release|Any CPU.ActiveCfg = Release|Any CPU
		{DA3D48C5-DB59-4A72-8260-390612EDFB3F}.Release|Any CPU.Build.0 = Release|Any CPU
		{DA3D48C5-DB59-4A72-8260-390612EDFB3F}.Release|x64.ActiveCfg = Release|Any CPU
		{DA3D48C5-DB59-4A72-8260-390612EDFB3F}.Release|x64.Build.0 = Release|Any CPU
		{DA3D48C5-DB59-4A72-8260-390612EDFB3F}.Release|x86.ActiveCfg = Release|Any CPU
		{DA3D48C5-DB59-4A72-8260-390612EDFB3F}.Release|x86.Build.0 = Release|Any CPU
		{2F650F05-C481-4036-A37D-403080DCEB63}.Debug|Any CPU.ActiveCfg = Debug|Any CPU
		{2F650F05-C481-4036-A37D-403080DCEB63}.Debug|Any CPU.Build.0 = Debug|Any CPU
		{2F650F05-C481-4036-A37D-403080DCEB63}.Debug|x64.ActiveCfg = Debug|Any CPU
		{2F650F05-C481-4036-A37D-403080DCEB63}.Debug|x64.Build.0 = Debug|Any CPU
		{2F650F05-C481-4036-A37D-403080DCEB63}.Debug|x86.ActiveCfg = Debug|Any CPU
		{2F650F05-C481-4036-A37D-403080DCEB63}.Debug|x86.Build.0 = Debug|Any CPU
		{2F650F05-C481-4036-A37D-403080DCEB63}.Release|Any CPU.ActiveCfg = Release|Any CPU
		{2F650F05-C481-4036-A37D-403080DCEB63}.Release|Any CPU.Build.0 = Release|Any CPU
		{2F650F05-C481-4036-A37D-403080DCEB63}.Release|x64.ActiveCfg = Release|Any CPU
		{2F650F05-C481-4036-A37D-403080DCEB63}.Release|x64.Build.0 = Release|Any CPU
		{2F650F05-C481-4036-A37D-403080DCEB63}.Release|x86.ActiveCfg = Release|Any CPU
		{2F650F05-C481-4036-A37D-403080DCEB63}.Release|x86.Build.0 = Release|Any CPU
		{2D277A0E-3C85-40B0-BB16-5E5A444FC24C}.Debug|Any CPU.ActiveCfg = Debug|Any CPU
		{2D277A0E-3C85-40B0-BB16-5E5A444FC24C}.Debug|Any CPU.Build.0 = Debug|Any CPU
		{2D277A0E-3C85-40B0-BB16-5E5A444FC24C}.Debug|x64.ActiveCfg = Debug|Any CPU
		{2D277A0E-3C85-40B0-BB16-5E5A444FC24C}.Debug|x64.Build.0 = Debug|Any CPU
		{2D277A0E-3C85-40B0-BB16-5E5A444FC24C}.Debug|x86.ActiveCfg = Debug|Any CPU
		{2D277A0E-3C85-40B0-BB16-5E5A444FC24C}.Debug|x86.Build.0 = Debug|Any CPU
		{2D277A0E-3C85-40B0-BB16-5E5A444FC24C}.Release|Any CPU.ActiveCfg = Release|Any CPU
		{2D277A0E-3C85-40B0-BB16-5E5A444FC24C}.Release|Any CPU.Build.0 = Release|Any CPU
		{2D277A0E-3C85-40B0-BB16-5E5A444FC24C}.Release|x64.ActiveCfg = Release|Any CPU
		{2D277A0E-3C85-40B0-BB16-5E5A444FC24C}.Release|x64.Build.0 = Release|Any CPU
		{2D277A0E-3C85-40B0-BB16-5E5A444FC24C}.Release|x86.ActiveCfg = Release|Any CPU
		{2D277A0E-3C85-40B0-BB16-5E5A444FC24C}.Release|x86.Build.0 = Release|Any CPU
		{9CE70B18-A516-4BE2-9A6A-5ECF0C11E041}.Debug|Any CPU.ActiveCfg = Debug|Any CPU
		{9CE70B18-A516-4BE2-9A6A-5ECF0C11E041}.Debug|Any CPU.Build.0 = Debug|Any CPU
		{9CE70B18-A516-4BE2-9A6A-5ECF0C11E041}.Debug|x64.ActiveCfg = Debug|Any CPU
		{9CE70B18-A516-4BE2-9A6A-5ECF0C11E041}.Debug|x64.Build.0 = Debug|Any CPU
		{9CE70B18-A516-4BE2-9A6A-5ECF0C11E041}.Debug|x86.ActiveCfg = Debug|Any CPU
		{9CE70B18-A516-4BE2-9A6A-5ECF0C11E041}.Debug|x86.Build.0 = Debug|Any CPU
		{9CE70B18-A516-4BE2-9A6A-5ECF0C11E041}.Release|Any CPU.ActiveCfg = Release|Any CPU
		{9CE70B18-A516-4BE2-9A6A-5ECF0C11E041}.Release|Any CPU.Build.0 = Release|Any CPU
		{9CE70B18-A516-4BE2-9A6A-5ECF0C11E041}.Release|x64.ActiveCfg = Release|Any CPU
		{9CE70B18-A516-4BE2-9A6A-5ECF0C11E041}.Release|x64.Build.0 = Release|Any CPU
		{9CE70B18-A516-4BE2-9A6A-5ECF0C11E041}.Release|x86.ActiveCfg = Release|Any CPU
		{9CE70B18-A516-4BE2-9A6A-5ECF0C11E041}.Release|x86.Build.0 = Release|Any CPU
		{130DE429-F67E-4E5B-8302-D133FADB37BE}.Debug|Any CPU.ActiveCfg = Debug|Any CPU
		{130DE429-F67E-4E5B-8302-D133FADB37BE}.Debug|Any CPU.Build.0 = Debug|Any CPU
		{130DE429-F67E-4E5B-8302-D133FADB37BE}.Debug|x64.ActiveCfg = Debug|Any CPU
		{130DE429-F67E-4E5B-8302-D133FADB37BE}.Debug|x64.Build.0 = Debug|Any CPU
		{130DE429-F67E-4E5B-8302-D133FADB37BE}.Debug|x86.ActiveCfg = Debug|Any CPU
		{130DE429-F67E-4E5B-8302-D133FADB37BE}.Debug|x86.Build.0 = Debug|Any CPU
		{130DE429-F67E-4E5B-8302-D133FADB37BE}.Release|Any CPU.ActiveCfg = Release|Any CPU
		{130DE429-F67E-4E5B-8302-D133FADB37BE}.Release|Any CPU.Build.0 = Release|Any CPU
		{130DE429-F67E-4E5B-8302-D133FADB37BE}.Release|x64.ActiveCfg = Release|Any CPU
		{130DE429-F67E-4E5B-8302-D133FADB37BE}.Release|x64.Build.0 = Release|Any CPU
		{130DE429-F67E-4E5B-8302-D133FADB37BE}.Release|x86.ActiveCfg = Release|Any CPU
		{130DE429-F67E-4E5B-8302-D133FADB37BE}.Release|x86.Build.0 = Release|Any CPU
		{2489C5DA-B153-43C4-8502-741FBAEEC300}.Debug|Any CPU.ActiveCfg = Debug|Any CPU
		{2489C5DA-B153-43C4-8502-741FBAEEC300}.Debug|Any CPU.Build.0 = Debug|Any CPU
		{2489C5DA-B153-43C4-8502-741FBAEEC300}.Debug|x64.ActiveCfg = Debug|Any CPU
		{2489C5DA-B153-43C4-8502-741FBAEEC300}.Debug|x64.Build.0 = Debug|Any CPU
		{2489C5DA-B153-43C4-8502-741FBAEEC300}.Debug|x86.ActiveCfg = Debug|Any CPU
		{2489C5DA-B153-43C4-8502-741FBAEEC300}.Debug|x86.Build.0 = Debug|Any CPU
		{2489C5DA-B153-43C4-8502-741FBAEEC300}.Release|Any CPU.ActiveCfg = Release|Any CPU
		{2489C5DA-B153-43C4-8502-741FBAEEC300}.Release|Any CPU.Build.0 = Release|Any CPU
		{2489C5DA-B153-43C4-8502-741FBAEEC300}.Release|x64.ActiveCfg = Release|Any CPU
		{2489C5DA-B153-43C4-8502-741FBAEEC300}.Release|x64.Build.0 = Release|Any CPU
		{2489C5DA-B153-43C4-8502-741FBAEEC300}.Release|x86.ActiveCfg = Release|Any CPU
		{2489C5DA-B153-43C4-8502-741FBAEEC300}.Release|x86.Build.0 = Release|Any CPU
		{4F052EDB-1F1F-4709-B024-DDB6B4B68BF9}.Debug|Any CPU.ActiveCfg = Debug|Any CPU
		{4F052EDB-1F1F-4709-B024-DDB6B4B68BF9}.Debug|Any CPU.Build.0 = Debug|Any CPU
		{4F052EDB-1F1F-4709-B024-DDB6B4B68BF9}.Debug|x64.ActiveCfg = Debug|Any CPU
		{4F052EDB-1F1F-4709-B024-DDB6B4B68BF9}.Debug|x64.Build.0 = Debug|Any CPU
		{4F052EDB-1F1F-4709-B024-DDB6B4B68BF9}.Debug|x86.ActiveCfg = Debug|Any CPU
		{4F052EDB-1F1F-4709-B024-DDB6B4B68BF9}.Debug|x86.Build.0 = Debug|Any CPU
		{4F052EDB-1F1F-4709-B024-DDB6B4B68BF9}.Release|Any CPU.ActiveCfg = Release|Any CPU
		{4F052EDB-1F1F-4709-B024-DDB6B4B68BF9}.Release|Any CPU.Build.0 = Release|Any CPU
		{4F052EDB-1F1F-4709-B024-DDB6B4B68BF9}.Release|x64.ActiveCfg = Release|Any CPU
		{4F052EDB-1F1F-4709-B024-DDB6B4B68BF9}.Release|x64.Build.0 = Release|Any CPU
		{4F052EDB-1F1F-4709-B024-DDB6B4B68BF9}.Release|x86.ActiveCfg = Release|Any CPU
		{4F052EDB-1F1F-4709-B024-DDB6B4B68BF9}.Release|x86.Build.0 = Release|Any CPU
		{C89C8C37-8267-4BED-9CFC-AEE7E18A87A7}.Debug|Any CPU.ActiveCfg = Debug|Any CPU
		{C89C8C37-8267-4BED-9CFC-AEE7E18A87A7}.Debug|Any CPU.Build.0 = Debug|Any CPU
		{C89C8C37-8267-4BED-9CFC-AEE7E18A87A7}.Debug|x64.ActiveCfg = Debug|Any CPU
		{C89C8C37-8267-4BED-9CFC-AEE7E18A87A7}.Debug|x64.Build.0 = Debug|Any CPU
		{C89C8C37-8267-4BED-9CFC-AEE7E18A87A7}.Debug|x86.ActiveCfg = Debug|Any CPU
		{C89C8C37-8267-4BED-9CFC-AEE7E18A87A7}.Debug|x86.Build.0 = Debug|Any CPU
		{C89C8C37-8267-4BED-9CFC-AEE7E18A87A7}.Release|Any CPU.ActiveCfg = Release|Any CPU
		{C89C8C37-8267-4BED-9CFC-AEE7E18A87A7}.Release|Any CPU.Build.0 = Release|Any CPU
		{C89C8C37-8267-4BED-9CFC-AEE7E18A87A7}.Release|x64.ActiveCfg = Release|Any CPU
		{C89C8C37-8267-4BED-9CFC-AEE7E18A87A7}.Release|x64.Build.0 = Release|Any CPU
		{C89C8C37-8267-4BED-9CFC-AEE7E18A87A7}.Release|x86.ActiveCfg = Release|Any CPU
		{C89C8C37-8267-4BED-9CFC-AEE7E18A87A7}.Release|x86.Build.0 = Release|Any CPU
	EndGlobalSection
	GlobalSection(SolutionProperties) = preSolution
		HideSolutionNode = FALSE
	EndGlobalSection
	GlobalSection(NestedProjects) = preSolution
		{CA2A6E04-FEC8-461D-829C-60DA619694E0} = {E1F9F8FD-6AC9-441A-8B52-1D5B871A2E19}
		{FC84B55F-7487-4280-B61C-C28B826C9ABB} = {E1F9F8FD-6AC9-441A-8B52-1D5B871A2E19}
		{DA3D48C5-DB59-4A72-8260-390612EDFB3F} = {E1F9F8FD-6AC9-441A-8B52-1D5B871A2E19}
		{2F650F05-C481-4036-A37D-403080DCEB63} = {E1F9F8FD-6AC9-441A-8B52-1D5B871A2E19}
		{7C22AA2B-1999-8B37-A76C-08567B7324E9} = {5854FF58-B8C5-05C6-5BF2-ACE42193F22B}
		{2D277A0E-3C85-40B0-BB16-5E5A444FC24C} = {7C22AA2B-1999-8B37-A76C-08567B7324E9}
		{9CE70B18-A516-4BE2-9A6A-5ECF0C11E041} = {7C22AA2B-1999-8B37-A76C-08567B7324E9}
		{130DE429-F67E-4E5B-8302-D133FADB37BE} = {7C22AA2B-1999-8B37-A76C-08567B7324E9}
		{2489C5DA-B153-43C4-8502-741FBAEEC300} = {7C22AA2B-1999-8B37-A76C-08567B7324E9}
		{4F052EDB-1F1F-4709-B024-DDB6B4B68BF9} = {D11FDFDB-9C3C-46CB-8A5C-C26B3D0EAB41}
		{C89C8C37-8267-4BED-9CFC-AEE7E18A87A7} = {D11FDFDB-9C3C-46CB-8A5C-C26B3D0EAB41}
	EndGlobalSection
	GlobalSection(ExtensibilityGlobals) = postSolution
		SolutionGuid = {D863E938-80AF-4CDC-ADCB-59C9FB9F4B1A}
	EndGlobalSection
EndGlobal
